
Microsoft Visual Studio Solution File, Format Version 11.00
# Visual Studio 2010
Project("{FAE04EC0-301F-11D3-BF4B-00C04F79EFBC}") = "Assembly-CSharp", "Assembly-CSharp.csproj", "{3164e3ca-cbf0-98c5-f3b8-7735a7d16f7f}"
EndProject
Project("{FAE04EC0-301F-11D3-BF4B-00C04F79EFBC}") = "Assembly-CSharp-Editor", "Assembly-CSharp-Editor.csproj", "{fda4ac2e-17cc-cf22-3c5d-751f8bde4771}"
EndProject
Global
	GlobalSection(SolutionConfigurationPlatforms) = preSolution
		Debug|Any CPU = Debug|Any CPU
	EndGlobalSection
	GlobalSection(ProjectConfigurationPlatforms) = postSolution
		{3164e3ca-cbf0-98c5-f3b8-7735a7d16f7f}.Debug|Any CPU.ActiveCfg = Debug|Any CPU
		{3164e3ca-cbf0-98c5-f3b8-7735a7d16f7f}.Debug|Any CPU.Build.0 = Debug|Any CPU
		{fda4ac2e-17cc-cf22-3c5d-751f8bde4771}.Debug|Any CPU.ActiveCfg = Debug|Any CPU
		{fda4ac2e-17cc-cf22-3c5d-751f8bde4771}.Debug|Any CPU.Build.0 = Debug|Any CPU
	EndGlobalSection
	GlobalSection(SolutionProperties) = preSolution
		HideSolutionNode = FALSE
	EndGlobalSection
EndGlobal
